
Microsoft Visual Studio Solution File, Format Version 12.00
# Visual Studio Version 16
VisualStudioVersion = 16.0.30503.244
MinimumVisualStudioVersion = 10.0.40219.1
Project("{FAE04EC0-301F-11D3-BF4B-00C04F79EFBC}") = "HelloWorld", "HelloWorld.csproj", "{8B8F91D7-91A1-45E2-B589-234A39DC354C}"
EndProject
Global
	GlobalSection(SolutionConfigurationPlatforms) = preSolution
		Debug|Any CPU = Debug|Any CPU
		Release|Any CPU = Release|Any CPU
	EndGlobalSection
	GlobalSection(ProjectConfigurationPlatforms) = postSolution
		{8B8F91D7-91A1-45E2-B589-234A39DC354C}.Debug|Any CPU.ActiveCfg = Debug|Any CPU
		{8B8F91D7-91A1-45E2-B589-234A39DC354C}.Debug|Any CPU.Build.0 = Debug|Any CPU
		{8B8F91D7-91A1-45E2-B589-234A39DC354C}.Release|Any CPU.ActiveCfg = Release|Any CPU
		{8B8F91D7-91A1-45E2-B589-234A39DC354C}.Release|Any CPU.Build.0 = Release|Any CPU
	EndGlobalSection
	GlobalSection(SolutionProperties) = preSolution
		HideSolutionNode = FALSE
	EndGlobalSection
	GlobalSection(ExtensibilityGlobals) = postSolution
		SolutionGuid = {A874E8DE-611B-42AB-A655-22FED896934C}
	EndGlobalSection
EndGlobal
