
Microsoft Visual Studio Solution File, Format Version 12.00
# Visual Studio Version 16
VisualStudioVersion = 16.0.29728.190
MinimumVisualStudioVersion = 10.0.40219.1
Project("{FAE04EC0-301F-11D3-BF4B-00C04F79EFBC}") = "guessing-game", "guessing-game.csproj", "{CF36CA7E-DD55-463C-950C-C9DF54033EDB}"
EndProject
Global
	GlobalSection(SolutionConfigurationPlatforms) = preSolution
		Debug|Any CPU = Debug|Any CPU
		Release|Any CPU = Release|Any CPU
	EndGlobalSection
	GlobalSection(ProjectConfigurationPlatforms) = postSolution
		{CF36CA7E-DD55-463C-950C-C9DF54033EDB}.Debug|Any CPU.ActiveCfg = Debug|Any CPU
		{CF36CA7E-DD55-463C-950C-C9DF54033EDB}.Debug|Any CPU.Build.0 = Debug|Any CPU
		{CF36CA7E-DD55-463C-950C-C9DF54033EDB}.Release|Any CPU.ActiveCfg = Release|Any CPU
		{CF36CA7E-DD55-463C-950C-C9DF54033EDB}.Release|Any CPU.Build.0 = Release|Any CPU
	EndGlobalSection
	GlobalSection(SolutionProperties) = preSolution
		HideSolutionNode = FALSE
	EndGlobalSection
	GlobalSection(ExtensibilityGlobals) = postSolution
		SolutionGuid = {3795103C-DD94-4397-A317-4A4B00AAB60A}
	EndGlobalSection
EndGlobal
